
Microsoft Visual Studio Solution File, Format Version 12.00
# Visual Studio Version 17
VisualStudioVersion = 17.11.35312.102
MinimumVisualStudioVersion = 10.0.40219.1
Project("{2150E333-8FDC-42A3-9474-1A3956D46DE8}") = "Task0", "Task0", "{974B207A-70D3-42B4-8B7B-C559C32130A7}"
EndProject
Project("{9A19103F-16F7-4668-BE54-9A1E7A4F7556}") = "Tyuiu.RyabtsevNE.Sprint3.Task0.V4", "Tyuiu.RyabtsevNE.Sprint3.Task0.V4\Tyuiu.RyabtsevNE.Sprint3.Task0.V4.csproj", "{3B081A52-5411-496D-A650-22C77CABB506}"
EndProject
Project("{9A19103F-16F7-4668-BE54-9A1E7A4F7556}") = "Tyuiu.RyabtsevNE.Sprint3.Task0.V4.Lib", "Tyuiu.RyabtsevNE.Sprint3.Task0.V4.Lib\Tyuiu.RyabtsevNE.Sprint3.Task0.V4.Lib.csproj", "{F72452BA-50FE-4A72-AB61-3DBA018BB11F}"
EndProject
Project("{9A19103F-16F7-4668-BE54-9A1E7A4F7556}") = "Tyuiu.RyabtsevNE.Sprint3.Task0.V4.Test", "Tyuiu.RyabtsevNE.Sprint3.Task0.V4.Test\Tyuiu.RyabtsevNE.Sprint3.Task0.V4.Test.csproj", "{F7F2E94F-FE46-4A0A-B8CF-C1959C8CD349}"
EndProject
Project("{2150E333-8FDC-42A3-9474-1A3956D46DE8}") = "Task1", "Task1", "{1E200CFE-9384-4769-AAE0-2F3152D492E6}"
EndProject
Project("{FAE04EC0-301F-11D3-BF4B-00C04F79EFBC}") = "Tyuiu.RyabtsevNE.Sprint3.Task1.V22", "Tyuiu.RyabtsevNE.Sprint3.Task1.V22\Tyuiu.RyabtsevNE.Sprint3.Task1.V22.csproj", "{51570DE1-3BF2-4A88-BF54-7354C0014156}"
EndProject
Project("{FAE04EC0-301F-11D3-BF4B-00C04F79EFBC}") = "Tyuiu.RyabtsevNE.Sprint3.Task1.V22.Lib", "Tyuiu.RyabtsevNE.Sprint3.Task1.V22.Lib\Tyuiu.RyabtsevNE.Sprint3.Task1.V22.Lib.csproj", "{7C38877D-871A-4F72-B801-ABEADF087743}"
EndProject
Project("{FAE04EC0-301F-11D3-BF4B-00C04F79EFBC}") = "Tyuiu.RyabtsevNE.Sprint3.Task1.V22.Test", "Tyuiu.RyabtsevNE.Sprint3.Task1.V22.Test\Tyuiu.RyabtsevNE.Sprint3.Task1.V22.Test.csproj", "{A1530939-3EA1-406E-B6F3-C837764B1B5F}"
EndProject
Project("{2150E333-8FDC-42A3-9474-1A3956D46DE8}") = "Task2", "Task2", "{ECA75423-583A-4792-AB51-EC042E6482DE}"
EndProject
Project("{FAE04EC0-301F-11D3-BF4B-00C04F79EFBC}") = "Tyuiu.RyabtsevNE.Sprint3.Task2.V1", "Tyuiu.RyabtsevNE.Sprint3.Task2.V1\Tyuiu.RyabtsevNE.Sprint3.Task2.V1.csproj", "{73D1F2FB-0C6C-4151-91D1-7D6BFA538C02}"
EndProject
Project("{FAE04EC0-301F-11D3-BF4B-00C04F79EFBC}") = "Tyuiu.RyabtsevNE.Sprint3.Task2.V1.Lib", "Tyuiu.RyabtsevNE.Sprint3.Task2.V1.Lib\Tyuiu.RyabtsevNE.Sprint3.Task2.V1.Lib.csproj", "{C9783580-64BC-4F5F-B66D-688E5ECCD1BE}"
EndProject
Project("{FAE04EC0-301F-11D3-BF4B-00C04F79EFBC}") = "Tyuiu.RyabtsevNE.Sprint3.Task2.V1.Test", "Tyuiu.RyabtsevNE.Sprint3.Task2.V1.Test\Tyuiu.RyabtsevNE.Sprint3.Task2.V1.Test.csproj", "{6229031B-2E6A-4807-B095-134BA03F3563}"
EndProject
Project("{2150E333-8FDC-42A3-9474-1A3956D46DE8}") = "Task3", "Task3", "{9990994D-F9A8-4508-AA4B-618D53EE82E7}"
EndProject
Project("{FAE04EC0-301F-11D3-BF4B-00C04F79EFBC}") = "Tyuiu.RyabtsevNE.Sprint3.Task3.V18", "Tyuiu.RyabtsevNE.Sprint3.Task3.V18\Tyuiu.RyabtsevNE.Sprint3.Task3.V18.csproj", "{36A19966-2B2E-47B9-AFE6-D1DC478F7FE8}"
EndProject
Project("{FAE04EC0-301F-11D3-BF4B-00C04F79EFBC}") = "Tyuiu.RyabtsevNE.Sprint3.Task3.V18.Lib", "Tyuiu.RyabtsevNE.Sprint3.Task3.V18.Lib\Tyuiu.RyabtsevNE.Sprint3.Task3.V18.Lib.csproj", "{B30D3CFC-9ED9-4A8C-A2D8-097671D99B8F}"
EndProject
Project("{FAE04EC0-301F-11D3-BF4B-00C04F79EFBC}") = "Tyuiu.RyabtsevNE.Sprint3.Task3.V18.Test", "Tyuiu.RyabtsevNE.Sprint3.Task3.V18.Test\Tyuiu.RyabtsevNE.Sprint3.Task3.V18.Test.csproj", "{CB8663E0-1470-4F60-9D5D-ACDF39EA590A}"
EndProject
Global
	GlobalSection(SolutionConfigurationPlatforms) = preSolution
		Debug|Any CPU = Debug|Any CPU
		Release|Any CPU = Release|Any CPU
	EndGlobalSection
	GlobalSection(ProjectConfigurationPlatforms) = postSolution
		{3B081A52-5411-496D-A650-22C77CABB506}.Debug|Any CPU.ActiveCfg = Debug|Any CPU
		{3B081A52-5411-496D-A650-22C77CABB506}.Debug|Any CPU.Build.0 = Debug|Any CPU
		{3B081A52-5411-496D-A650-22C77CABB506}.Release|Any CPU.ActiveCfg = Release|Any CPU
		{3B081A52-5411-496D-A650-22C77CABB506}.Release|Any CPU.Build.0 = Release|Any CPU
		{F72452BA-50FE-4A72-AB61-3DBA018BB11F}.Debug|Any CPU.ActiveCfg = Debug|Any CPU
		{F72452BA-50FE-4A72-AB61-3DBA018BB11F}.Debug|Any CPU.Build.0 = Debug|Any CPU
		{F72452BA-50FE-4A72-AB61-3DBA018BB11F}.Release|Any CPU.ActiveCfg = Release|Any CPU
		{F72452BA-50FE-4A72-AB61-3DBA018BB11F}.Release|Any CPU.Build.0 = Release|Any CPU
		{F7F2E94F-FE46-4A0A-B8CF-C1959C8CD349}.Debug|Any CPU.ActiveCfg = Debug|Any CPU
		{F7F2E94F-FE46-4A0A-B8CF-C1959C8CD349}.Debug|Any CPU.Build.0 = Debug|Any CPU
		{F7F2E94F-FE46-4A0A-B8CF-C1959C8CD349}.Release|Any CPU.ActiveCfg = Release|Any CPU
		{F7F2E94F-FE46-4A0A-B8CF-C1959C8CD349}.Release|Any CPU.Build.0 = Release|Any CPU
		{51570DE1-3BF2-4A88-BF54-7354C0014156}.Debug|Any CPU.ActiveCfg = Debug|Any CPU
		{51570DE1-3BF2-4A88-BF54-7354C0014156}.Debug|Any CPU.Build.0 = Debug|Any CPU
		{51570DE1-3BF2-4A88-BF54-7354C0014156}.Release|Any CPU.ActiveCfg = Release|Any CPU
		{51570DE1-3BF2-4A88-BF54-7354C0014156}.Release|Any CPU.Build.0 = Release|Any CPU
		{7C38877D-871A-4F72-B801-ABEADF087743}.Debug|Any CPU.ActiveCfg = Debug|Any CPU
		{7C38877D-871A-4F72-B801-ABEADF087743}.Debug|Any CPU.Build.0 = Debug|Any CPU
		{7C38877D-871A-4F72-B801-ABEADF087743}.Release|Any CPU.ActiveCfg = Release|Any CPU
		{7C38877D-871A-4F72-B801-ABEADF087743}.Release|Any CPU.Build.0 = Release|Any CPU
		{A1530939-3EA1-406E-B6F3-C837764B1B5F}.Debug|Any CPU.ActiveCfg = Debug|Any CPU
		{A1530939-3EA1-406E-B6F3-C837764B1B5F}.Debug|Any CPU.Build.0 = Debug|Any CPU
		{A1530939-3EA1-406E-B6F3-C837764B1B5F}.Release|Any CPU.ActiveCfg = Release|Any CPU
		{A1530939-3EA1-406E-B6F3-C837764B1B5F}.Release|Any CPU.Build.0 = Release|Any CPU
		{73D1F2FB-0C6C-4151-91D1-7D6BFA538C02}.Debug|Any CPU.ActiveCfg = Debug|Any CPU
		{73D1F2FB-0C6C-4151-91D1-7D6BFA538C02}.Debug|Any CPU.Build.0 = Debug|Any CPU
		{73D1F2FB-0C6C-4151-91D1-7D6BFA538C02}.Release|Any CPU.ActiveCfg = Release|Any CPU
		{73D1F2FB-0C6C-4151-91D1-7D6BFA538C02}.Release|Any CPU.Build.0 = Release|Any CPU
		{C9783580-64BC-4F5F-B66D-688E5ECCD1BE}.Debug|Any CPU.ActiveCfg = Debug|Any CPU
		{C9783580-64BC-4F5F-B66D-688E5ECCD1BE}.Debug|Any CPU.Build.0 = Debug|Any CPU
		{C9783580-64BC-4F5F-B66D-688E5ECCD1BE}.Release|Any CPU.ActiveCfg = Release|Any CPU
		{C9783580-64BC-4F5F-B66D-688E5ECCD1BE}.Release|Any CPU.Build.0 = Release|Any CPU
		{6229031B-2E6A-4807-B095-134BA03F3563}.Debug|Any CPU.ActiveCfg = Debug|Any CPU
		{6229031B-2E6A-4807-B095-134BA03F3563}.Debug|Any CPU.Build.0 = Debug|Any CPU
		{6229031B-2E6A-4807-B095-134BA03F3563}.Release|Any CPU.ActiveCfg = Release|Any CPU
		{6229031B-2E6A-4807-B095-134BA03F3563}.Release|Any CPU.Build.0 = Release|Any CPU
		{36A19966-2B2E-47B9-AFE6-D1DC478F7FE8}.Debug|Any CPU.ActiveCfg = Debug|Any CPU
		{36A19966-2B2E-47B9-AFE6-D1DC478F7FE8}.Debug|Any CPU.Build.0 = Debug|Any CPU
		{36A19966-2B2E-47B9-AFE6-D1DC478F7FE8}.Release|Any CPU.ActiveCfg = Release|Any CPU
		{36A19966-2B2E-47B9-AFE6-D1DC478F7FE8}.Release|Any CPU.Build.0 = Release|Any CPU
		{B30D3CFC-9ED9-4A8C-A2D8-097671D99B8F}.Debug|Any CPU.ActiveCfg = Debug|Any CPU
		{B30D3CFC-9ED9-4A8C-A2D8-097671D99B8F}.Debug|Any CPU.Build.0 = Debug|Any CPU
		{B30D3CFC-9ED9-4A8C-A2D8-097671D99B8F}.Release|Any CPU.ActiveCfg = Release|Any CPU
		{B30D3CFC-9ED9-4A8C-A2D8-097671D99B8F}.Release|Any CPU.Build.0 = Release|Any CPU
		{CB8663E0-1470-4F60-9D5D-ACDF39EA590A}.Debug|Any CPU.ActiveCfg = Debug|Any CPU
		{CB8663E0-1470-4F60-9D5D-ACDF39EA590A}.Debug|Any CPU.Build.0 = Debug|Any CPU
		{CB8663E0-1470-4F60-9D5D-ACDF39EA590A}.Release|Any CPU.ActiveCfg = Release|Any CPU
		{CB8663E0-1470-4F60-9D5D-ACDF39EA590A}.Release|Any CPU.Build.0 = Release|Any CPU
	EndGlobalSection
	GlobalSection(SolutionProperties) = preSolution
		HideSolutionNode = FALSE
	EndGlobalSection
	GlobalSection(NestedProjects) = preSolution
		{3B081A52-5411-496D-A650-22C77CABB506} = {974B207A-70D3-42B4-8B7B-C559C32130A7}
		{F72452BA-50FE-4A72-AB61-3DBA018BB11F} = {974B207A-70D3-42B4-8B7B-C559C32130A7}
		{F7F2E94F-FE46-4A0A-B8CF-C1959C8CD349} = {974B207A-70D3-42B4-8B7B-C559C32130A7}
		{51570DE1-3BF2-4A88-BF54-7354C0014156} = {1E200CFE-9384-4769-AAE0-2F3152D492E6}
		{7C38877D-871A-4F72-B801-ABEADF087743} = {1E200CFE-9384-4769-AAE0-2F3152D492E6}
		{A1530939-3EA1-406E-B6F3-C837764B1B5F} = {1E200CFE-9384-4769-AAE0-2F3152D492E6}
		{73D1F2FB-0C6C-4151-91D1-7D6BFA538C02} = {ECA75423-583A-4792-AB51-EC042E6482DE}
		{C9783580-64BC-4F5F-B66D-688E5ECCD1BE} = {ECA75423-583A-4792-AB51-EC042E6482DE}
		{6229031B-2E6A-4807-B095-134BA03F3563} = {ECA75423-583A-4792-AB51-EC042E6482DE}
		{36A19966-2B2E-47B9-AFE6-D1DC478F7FE8} = {9990994D-F9A8-4508-AA4B-618D53EE82E7}
		{B30D3CFC-9ED9-4A8C-A2D8-097671D99B8F} = {9990994D-F9A8-4508-AA4B-618D53EE82E7}
		{CB8663E0-1470-4F60-9D5D-ACDF39EA590A} = {9990994D-F9A8-4508-AA4B-618D53EE82E7}
	EndGlobalSection
	GlobalSection(ExtensibilityGlobals) = postSolution
		SolutionGuid = {DCE6027E-75F8-44BD-97D2-323D10629721}
	EndGlobalSection
EndGlobal
